// !$*UTF8*$!
{
	archiveVersion = 1;
	classes = {};
	objectVersion = 77;
	objects = {

/* Begin PBXBuildFile section */
		A10000000000000000000001 /* Football3DApp.swift in Sources */ = {isa = PBXBuildFile; fileRef = A20000000000000000000001 /* Football3DApp.swift */; };
		A10000000000000000000002 /* Viewer.swift in Sources */ = {isa = PBXBuildFile; fileRef = A20000000000000000000002 /* Viewer.swift */; };
/* End PBXBuildFile section */

/* Begin PBXFileReference section */
		A20000000000000000000001 /* Football3DApp.swift */ = {isa = PBXFileReference; lastKnownFileType = sourcecode.swift; path = Football3DApp.swift; sourceTree = "<group>"; };
		A20000000000000000000002 /* Viewer.swift */ = {isa = PBXFileReference; lastKnownFileType = sourcecode.swift; path = Viewer.swift; sourceTree = "<group>"; };
		A20000000000000000000003 /* Football3D.app */ = {isa = PBXFileReference; explicitFileType = wrapper.application; includeInIndex = 0; path = Football3D.app; sourceTree = BUILT_PRODUCTS_DIR; };
/* End PBXFileReference section */

/* Begin PBXFrameworksBuildPhase section */
		A30000000000000000000001 /* Frameworks */ = {
			isa = PBXFrameworksBuildPhase;
			buildActionMask = 2147483647;
			files = ();
			runOnlyForDeploymentPostprocessing = 0;
		};
/* End PBXFrameworksBuildPhase section */

/* Begin PBXGroup section */
		A40000000000000000000001 = {isa = PBXGroup; children = (A40000000000000000000002, A40000000000000000000003, A40000000000000000000004); sourceTree = "<group>"; };
		A40000000000000000000002 /* Football3D */ = {isa = PBXGroup; children = (A20000000000000000000001, A20000000000000000000002); path = Football3D; sourceTree = "<group>"; };
		A40000000000000000000003 /* Products */ = {isa = PBXGroup; children = (A20000000000000000000003); name = Products; sourceTree = "<group>"; };
		A40000000000000000000004 /* Supporting Files */ = {isa = PBXGroup; children = (); name = "Supporting Files"; sourceTree = "<group>"; };
/* End PBXGroup section */

/* Begin PBXNativeTarget section */
		A50000000000000000000001 /* Football3D */ = {
			isa = PBXNativeTarget;
			buildConfigurationList = A60000000000000000000002;
			buildPhases = (A30000000000000000000004, A30000000000000000000001, A30000000000000000000002, A30000000000000000000003);
			buildRules = ();
			dependencies = ();
			name = Football3D;
			productName = Football3D;
			productReference = A20000000000000000000003;
			productType = "com.apple.product-type.application";
		};
/* End PBXNativeTarget section */

/* Begin PBXProject section */
		A70000000000000000000001 /* Project object */ = {
			isa = PBXProject;
			attributes = { LastUpgradeCheck = 2660; TargetAttributes = { A50000000000000000000001 = { CreatedOnToolsVersion = 26.0; }; }; };
			buildConfigurationList = A60000000000000000000001;
			compatibilityVersion = "Xcode 16.0";
			developmentRegion = en;
			hasScannedForEncodings = 0;
			knownRegions = (en, Base);
			mainGroup = A40000000000000000000001;
			productRefGroup = A40000000000000000000003;
			projectDirPath = "";
			projectRoot = "";
			targets = (A50000000000000000000001);
		};
/* End PBXProject section */

/* Begin PBXResourcesBuildPhase section */
		A30000000000000000000002 /* Resources */ = {isa = PBXResourcesBuildPhase; buildActionMask = 2147483647; files = (); runOnlyForDeploymentPostprocessing = 0; };
/* End PBXResourcesBuildPhase section */

/* Begin PBXSourcesBuildPhase section */
		A30000000000000000000004 /* Sources */ = {
			isa = PBXSourcesBuildPhase;
			buildActionMask = 2147483647;
			files = (A10000000000000000000001, A10000000000000000000002);
			runOnlyForDeploymentPostprocessing = 0;
		};
/* End PBXSourcesBuildPhase section */

/* Begin PBXShellScriptBuildPhase section */
		A30000000000000000000003 /* Stage viewer resources */ = {
			isa = PBXShellScriptBuildPhase;
			buildActionMask = 2147483647;
			files = ();
			inputPaths = ("$(SRCROOT)/Football3D/prepare_resources.sh", "$(SRCROOT)/src/viewer/index.html", "$(SRCROOT)/data/pose_1131.smpl", "$(SRCROOT)/data/camera/SNGS-043.json");
			name = "Stage viewer resources";
			outputPaths = ("$(TARGET_BUILD_DIR)/$(UNLOCALIZED_RESOURCES_FOLDER_PATH)/Web/index.html");
			runOnlyForDeploymentPostprocessing = 0;
			shellPath = /bin/zsh;
			shellScript = "\"${SRCROOT}/Football3D/prepare_resources.sh\"";
		};
/* End PBXShellScriptBuildPhase section */

/* Begin XCBuildConfiguration section */
		A80000000000000000000001 /* Debug */ = {isa = XCBuildConfiguration; buildSettings = { MACOSX_DEPLOYMENT_TARGET = 13.0; PRODUCT_BUNDLE_IDENTIFIER = com.football3d.viewer; PRODUCT_NAME = Football3D; SWIFT_VERSION = 5.0; }; name = Debug; };
		A80000000000000000000002 /* Release */ = {isa = XCBuildConfiguration; buildSettings = { MACOSX_DEPLOYMENT_TARGET = 13.0; PRODUCT_BUNDLE_IDENTIFIER = com.football3d.viewer; PRODUCT_NAME = Football3D; SWIFT_VERSION = 5.0; }; name = Release; };
		A80000000000000000000003 /* Debug */ = {isa = XCBuildConfiguration; buildSettings = { CODE_SIGN_IDENTITY = "-"; GENERATE_INFOPLIST_FILE = YES; INFOPLIST_KEY_LSApplicationCategoryType = "public.app-category.education"; INFOPLIST_KEY_NSHumanReadableCopyright = ""; }; name = Debug; };
		A80000000000000000000004 /* Release */ = {isa = XCBuildConfiguration; buildSettings = { CODE_SIGN_IDENTITY = "-"; GENERATE_INFOPLIST_FILE = YES; INFOPLIST_KEY_LSApplicationCategoryType = "public.app-category.education"; INFOPLIST_KEY_NSHumanReadableCopyright = ""; }; name = Release; };
/* End XCBuildConfiguration section */

/* Begin XCConfigurationList section */
		A60000000000000000000001 /* Project configuration list */ = {isa = XCConfigurationList; buildConfigurations = (A80000000000000000000001, A80000000000000000000002); defaultConfigurationIsVisible = 0; defaultConfigurationName = Release; };
		A60000000000000000000002 /* Target configuration list */ = {isa = XCConfigurationList; buildConfigurations = (A80000000000000000000003, A80000000000000000000004); defaultConfigurationIsVisible = 0; defaultConfigurationName = Release; };
/* End XCConfigurationList section */
	};
	rootObject = A70000000000000000000001 /* Project object */;
}
